
Microsoft Visual Studio Solution File, Format Version 12.00
# Visual Studio Version 17
VisualStudioVersion = 17.14.36327.8
MinimumVisualStudioVersion = 10.0.40219.1
Project("{FAE04EC0-301F-11D3-BF4B-00C04F79EFBC}") = "Temporizados", "Temporizados\Temporizados.csproj", "{46C0F0EF-184A-449E-9C2E-269DDA21C213}"
EndProject
Project("{54435603-DBB4-11D2-8724-00A0C9A8B90C}") = "SetupTemporizador", "SetupTemporizador\SetupTemporizador.vdproj", "{AE265D7E-D6DD-AE91-DDE9-5A808AB415B5}"
EndProject
Global
	GlobalSection(SolutionConfigurationPlatforms) = preSolution
		Debug|Any CPU = Debug|Any CPU
		Release|Any CPU = Release|Any CPU
	EndGlobalSection
	GlobalSection(ProjectConfigurationPlatforms) = postSolution
		{46C0F0EF-184A-449E-9C2E-269DDA21C213}.Debug|Any CPU.ActiveCfg = Debug|Any CPU
		{46C0F0EF-184A-449E-9C2E-269DDA21C213}.Debug|Any CPU.Build.0 = Debug|Any CPU
		{46C0F0EF-184A-449E-9C2E-269DDA21C213}.Release|Any CPU.ActiveCfg = Release|Any CPU
		{46C0F0EF-184A-449E-9C2E-269DDA21C213}.Release|Any CPU.Build.0 = Release|Any CPU
		{AE265D7E-D6DD-AE91-DDE9-5A808AB415B5}.Debug|Any CPU.ActiveCfg = Debug
		{AE265D7E-D6DD-AE91-DDE9-5A808AB415B5}.Release|Any CPU.ActiveCfg = Release
	EndGlobalSection
	GlobalSection(SolutionProperties) = preSolution
		HideSolutionNode = FALSE
	EndGlobalSection
	GlobalSection(ExtensibilityGlobals) = postSolution
		SolutionGuid = {13D2E2D5-22D2-42CA-9512-89C90DA2CA0D}
	EndGlobalSection
EndGlobal
